PODS:
  - Charts (3.3.0):
    - Charts/Core (= 3.3.0)
  - Charts/Core (3.3.0)
  - CTShowcase (2.4.0)
  - FSCalendar (2.8.0)
  - IQKeyboardManagerSwift (6.4.0)
  - iShowcase (2.3.0)
  - R.swift (5.0.3):
    - R.swift.Library (~> 5.0.0)
  - R.swift.Library (5.0.1)
  - Realm (3.16.2):
    - Realm/Headers (= 3.16.2)
  - Realm/Headers (3.16.2)
  - RealmSwift (3.16.2):
    - Realm (= 3.16.2)
  - SlideMenuControllerSwift (4.0.0)
  - SVProgressHUD (2.2.5)
  - UICircularProgressRing (6.2.0)

DEPENDENCIES:
  - Charts (~> 3.3.0)
  - CTShowcase (~> 2.4.0)
  - FSCalendar (~> 2.8.0)
  - IQKeyboardManagerSwift (~> 6.4.0)
  - iShowcase (~> 2.3.0)
  - R.swift (~> 5.0.3)
  - RealmSwift
  - SlideMenuControllerSwift (~> 4.0.0)
  - SVProgressHUD (~> 2.2.5)
  - UICircularProgressRing (~> 6.2.0)

SPEC REPOS:
  https://github.com/cocoapods/specs.git:
    - Charts
    - CTShowcase
    - FSCalendar
    - IQKeyboardManagerSwift
    - iShowcase
    - R.swift
    - R.swift.Library
    - Realm
    - RealmSwift
    - SlideMenuControllerSwift
    - SVProgressHUD
    - UICircularProgressRing

SPEC CHECKSUMS:
  Charts: e0dd4cd8f257bccf98407b58183ddca8e8d5b578
  CTShowcase: d6a7933f0724dadc12399b4d6d4815b419f1eb65
  FSCalendar: 3a5ed3636e2ba1b83ebebfcf0c2603105a6f5efe
  IQKeyboardManagerSwift: ed9b04ee0e3067ffba543283462d619f944b05e5
  iShowcase: 8c88edc62366d87b44822bac91df09d6872874ab
  R.swift: f5a87643b91ea569d23d6afb3eee9c743edde239
  R.swift.Library: cfe85d569d9bae6cb262922db130e7c3a7a5fad1
  Realm: 0e73b4edeb5b6a90da3d83206883b2e34e00eb38
  RealmSwift: a81e650171ef0a5f999df1ed8d39ba8d6fce88a4
  SlideMenuControllerSwift: 021d6318201c53d4d4d3710517d43d6c556c7dd0
  SVProgressHUD: 1428aafac632c1f86f62aa4243ec12008d7a51d6
  UICircularProgressRing: 0ff679b05a17f15ad6301a7886686837b8c301a9

PODFILE CHECKSUM: e6ea36c2d5e2970cd0f9a922bcfe7582e128d50a

COCOAPODS: 1.7.2
